{
  "name": "webpack",
  "version": "1.0.0",
  "lockfileVersion": 1,
  "requires": true,
  "dependencies": {
    "@types/tapable": {
      "version": "1.0.5",
      "resolved": "http://r.tnpm.oa.com/@types/tapable/download/@types/tapable-1.0.5.tgz",
      "integrity": "sha1-mtvBKVBYKqZerXa//fOf4MJ6PAI="
    },
    "tapable": {
      "version": "1.1.3",
      "resolved": "http://r.tnpm.oa.com/tapable/download/tapable-1.1.3.tgz",
      "integrity": "sha1-ofzMBrWNth/XpF2i2kT186Pme6I="
    }
  }
}
